{
  "nodes": {
    "nixpkgs": {
      "locked": {
        "lastModified": 1735531152,
        "narHash": "sha256-As8I+ebItDKtboWgDXYZSIjGlKeqiLBvjxsQHUmAf1Q=",
        "owner": "NixOS",
        "repo": "nixpkgs",
        "rev": "3ffbbdbac0566a0977da3d2657b89cbcfe9a173b",
        "type": "github"
      },
      "original": {
        "owner": "NixOS",
        "ref": "nixos-24.11",
        "repo": "nixpkgs",
        "type": "github"
      }
    },
    "root": {
      "inputs": {
        "nixpkgs": "nixpkgs",
        "rust-overlay": "rust-overlay",
        "util": "util"
      }
    },
    "rust-overlay": {
      "inputs": {
        "nixpkgs": [
          "nixpkgs"
        ]
      },
      "locked": {
        "lastModified": 1735784864,
        "narHash": "sha256-tIl5p3ueaPw7T5T1UXkLc8ISMk6Y8CI/D/rd0msf73I=",
        "owner": "oxalica",
        "repo": "rust-overlay",
        "rev": "04d5f1836721461b256ec452883362c5edc5288e",
        "type": "github"
      },
      "original": {
        "owner": "oxalica",
        "repo": "rust-overlay",
        "type": "github"
      }
    },
    "rust-overlay_2": {
      "inputs": {
        "nixpkgs": [
          "util",
          "nixpkgs"
        ]
      },
      "locked": {
        "lastModified": 1738290352,
        "narHash": "sha256-YKOHUmc0Clm4tMV8grnxYL4IIwtjTayoq/3nqk0QM7k=",
        "owner": "oxalica",
        "repo": "rust-overlay",
        "rev": "b031b584125d33d23a0182f91ddbaf3ab4880236",
        "type": "github"
      },
      "original": {
        "owner": "oxalica",
        "repo": "rust-overlay",
        "type": "github"
      }
    },
    "util": {
      "inputs": {
        "nixpkgs": [
          "nixpkgs"
        ],
        "rust-overlay": "rust-overlay_2"
      },
      "locked": {
        "lastModified": 1751317204,
        "narHash": "sha256-ulhwMO4tNzDzPqnU4sx/eN3SaqeDuG5o0i7kVKk7SDA=",
        "owner": "hectic-lab",
        "repo": "util.nix",
        "rev": "c73c887a9cab608adc3852705c19694cec379bba",
        "type": "github"
      },
      "original": {
        "owner": "hectic-lab",
        "repo": "util.nix",
        "type": "github"
      }
    }
  },
  "root": "root",
  "version": 7
}
